
Microsoft Visual Studio Solution File, Format Version 12.00
# Visual Studio Version 17
VisualStudioVersion = 17.10.34818.151
MinimumVisualStudioVersion = 10.0.40219.1
Project("{9A19103F-16F7-4668-BE54-9A1E7A4F7556}") = "ChessPhone", "ChessPhone\ChessPhone.csproj", "{069365AF-AB19-4ABA-8930-CFA52E79E65E}"
EndProject
Project("{FAE04EC0-301F-11D3-BF4B-00C04F79EFBC}") = "ChessPhone.Tests", "ChessPhone.Tests\ChessPhone.Tests.csproj", "{1437716B-41FA-40D6-A661-48D693D76182}"
EndProject
Global
	GlobalSection(SolutionConfigurationPlatforms) = preSolution
		Debug|Any CPU = Debug|Any CPU
		Release|Any CPU = Release|Any CPU
	EndGlobalSection
	GlobalSection(ProjectConfigurationPlatforms) = postSolution
		{069365AF-AB19-4ABA-8930-CFA52E79E65E}.Debug|Any CPU.ActiveCfg = Debug|Any CPU
		{069365AF-AB19-4ABA-8930-CFA52E79E65E}.Debug|Any CPU.Build.0 = Debug|Any CPU
		{069365AF-AB19-4ABA-8930-CFA52E79E65E}.Release|Any CPU.ActiveCfg = Release|Any CPU
		{069365AF-AB19-4ABA-8930-CFA52E79E65E}.Release|Any CPU.Build.0 = Release|Any CPU
		{1437716B-41FA-40D6-A661-48D693D76182}.Debug|Any CPU.ActiveCfg = Debug|Any CPU
		{1437716B-41FA-40D6-A661-48D693D76182}.Debug|Any CPU.Build.0 = Debug|Any CPU
		{1437716B-41FA-40D6-A661-48D693D76182}.Release|Any CPU.ActiveCfg = Release|Any CPU
		{1437716B-41FA-40D6-A661-48D693D76182}.Release|Any CPU.Build.0 = Release|Any CPU
	EndGlobalSection
	GlobalSection(SolutionProperties) = preSolution
		HideSolutionNode = FALSE
	EndGlobalSection
	GlobalSection(ExtensibilityGlobals) = postSolution
		SolutionGuid = {CB58043F-0904-434E-81C5-C168C9E07F8D}
	EndGlobalSection
EndGlobal
